{
  "version": 4,
  "terraform_version": "1.7.3",
  "serial": 51,
  "lineage": "87781cc5-df82-9cbf-f5ad-2bdaeca13d87",
  "outputs": {},
  "resources": [
    {
      "mode": "managed",
      "type": "aws_eks_cluster",
      "name": "test-cluster",
      "provider": "provider[\"registry.terraform.io/hashicorp/aws\"]",
      "instances": [
        {
          "schema_version": 0,
          "attributes": {
            "access_config": [
              {
                "authentication_mode": "CONFIG_MAP",
                "bootstrap_cluster_creator_admin_permissions": false
              }
            ],
            "arn": "arn:aws:eks:ap-northeast-2:269589842632:cluster/test-terraform-0212-new",
            "certificate_authority": [
              {
                "data": "LS0tLS1CRUdJTiBDRVJUSUZJQ0FURS0tLS0tCk1JSURCVENDQWUyZ0F3SUJBZ0lJRTlMOUlpSXozc2N3RFFZSktvWklodmNOQVFFTEJRQXdGVEVUTUJFR0ExVUUKQXhNS2EzVmlaWEp1WlhSbGN6QWVGdzB5TkRBeU1USXhNRE0zTWpkYUZ3MHpOREF5TURreE1EUXlNamRhTUJVeApFekFSQmdOVkJBTVRDbXQxWW1WeWJtVjBaWE13Z2dFaU1BMEdDU3FHU0liM0RRRUJBUVVBQTRJQkR3QXdnZ0VLCkFvSUJBUUNpWjltQWZaZ0tNd1B0TGZVRjJNNlFJOEhlaFVJNjdZYTJNU1RUYUFIMExUbXlyRHBPM0tyaE9KMVQKWXhqVysrNzNjcCszcWVGV0lZZFh5TmJqc1ErUmdTWDVWa3dsQ0tkQUJid1g0amZwZ1VaN1pkbGs4ZlhoV2JUZApGQWtuUUhuNGM2bEFpN3U2VlpDZUxKQ0ZhUG54SEZVZUQwdnV1OE9jRFNiVk9ZS0tvRng4aEVhRmZ1OVVDNm11Ckx3eUt0eEhreFQ3TCsvTExXeGY4V0M3bUpsOTBNVktjaU95QWoyVWwycEFsZ2FsUDFDSW0ySWlkbTNiSWpWc28KZVlmd1ZRaHEyQUNmSGFjUVg1MUcrR3ZJdXRaTC9kMkh6NXQ1cmZtbEdKRGFhdzY3c3I3dXB0S3pIL2MrbVlLRwpTTUhOeThPcUZHTnVxT0lGZXc5dmFET2o4dkZCQWdNQkFBR2pXVEJYTUE0R0ExVWREd0VCL3dRRUF3SUNwREFQCkJnTlZIUk1CQWY4RUJUQURBUUgvTUIwR0ExVWREZ1FXQkJRbW8zSkxkMllDVlhmTlFUaTg2bEFFYzk2UEpqQVYKQmdOVkhSRUVEakFNZ2dwcmRXSmxjbTVsZEdWek1BMEdDU3FHU0liM0RRRUJDd1VBQTRJQkFRQ2RBK0RoMFY5UwpuWU8zOGNoRUNTNVBrS3BDRW5xOFRsL2ZqWE8xVzlmSnFibklBeEFWbnVYZzNxNWFSR0lHaGFMSDQ2Vnd3SnRJCkg3Z3RLZ1djK1AwZ0Q0UXczSnZDTzhpLzZwcC9sUDMvTG40ZG1CNDVqQ0llcWJ3cGdVcy81NnFhRlYzN1JJcW4KanJNeXI4WlRab2h3QzB1Y2ZyTndWVDZBMXFMcDEvSCt5akVYR3NWdmR5WVpLb01qb0V5aFNiYkNkTGJINy9Jdgp1UlQxQnpzOTlSOTFvWExMbVZaNmU0ZllBd1RVNWh5QVltK0xUQjhZWTRTS3RBc29ZK3FDRU5CaWxXeldrOE50CjdVT09GQzJMVEJXUGhhdmRjOWpWdGtHS29JTDVQaFRJSndYbkFuMS80cUUwNTZ6UkZad3ZGUGVMT2ZrbTduR3cKbHJkS0hkZmRTYWZoCi0tLS0tRU5EIENFUlRJRklDQVRFLS0tLS0K"
              }
            ],
            "cluster_id": null,
            "created_at": "2024-02-12 10:37:58.576 +0000 UTC",
            "enabled_cluster_log_types": [],
            "encryption_config": [],
            "endpoint": "https://EDDFDA3E0C962DFFAB2A7426597026E0.gr7.ap-northeast-2.eks.amazonaws.com",
            "id": "test-terraform-0212-new",
            "identity": [
              {
                "oidc": [
                  {
                    "issuer": "https://oidc.eks.ap-northeast-2.amazonaws.com/id/EDDFDA3E0C962DFFAB2A7426597026E0"
                  }
                ]
              }
            ],
            "kubernetes_network_config": [
              {
                "ip_family": "ipv4",
                "service_ipv4_cidr": "172.20.0.0/16",
                "service_ipv6_cidr": ""
              }
            ],
            "name": "test-terraform-0212-new",
            "outpost_config": [],
            "platform_version": "eks.1",
            "role_arn": "arn:aws:iam::269589842632:role/test-cluster-role-0212-new",
            "status": "ACTIVE",
            "tags": {},
            "tags_all": {},
            "timeouts": null,
            "version": "1.29",
            "vpc_config": [
              {
                "cluster_security_group_id": "sg-036bb1a1510743ec9",
                "endpoint_private_access": false,
                "endpoint_public_access": true,
                "public_access_cidrs": [
                  "0.0.0.0/0"
                ],
                "security_group_ids": [],
                "subnet_ids": [
                  "subnet-07c323d51fe4818eb",
                  "subnet-08fe8bf0fac57d099"
                ],
                "vpc_id": "vpc-092ef707d30ea5738"
              }
            ]
          },
          "sensitive_attributes": [],
          "private": "eyJlMmJmYjczMC1lY2FhLTExZTYtOGY4OC0zNDM2M2JjN2M0YzAiOnsiY3JlYXRlIjoxODAwMDAwMDAwMDAwLCJkZWxldGUiOjkwMDAwMDAwMDAwMCwidXBkYXRlIjozNjAwMDAwMDAwMDAwfX0=",
          "dependencies": [
            "aws_iam_role.eks_cluster_role"
          ]
        }
      ]
    },
    {
      "mode": "managed",
      "type": "aws_eks_node_group",
      "name": "test-nodegroup",
      "provider": "provider[\"registry.terraform.io/hashicorp/aws\"]",
      "instances": [
        {
          "status": "tainted",
          "schema_version": 0,
          "attributes": {
            "ami_type": null,
            "arn": null,
            "capacity_type": null,
            "cluster_name": "test-terraform-0212-new",
            "disk_size": null,
            "force_update_version": null,
            "id": "test-terraform-0212-new:test-terraform-nodegroup-0212-new",
            "instance_types": null,
            "labels": null,
            "launch_template": [],
            "node_group_name": "test-terraform-nodegroup-0212-new",
            "node_group_name_prefix": null,
            "node_role_arn": "arn:aws:iam::269589842632:role/test-nodegroup-role-0212-new-ec2",
            "release_version": null,
            "remote_access": [],
            "resources": null,
            "scaling_config": [
              {
                "desired_size": 1,
                "max_size": 2,
                "min_size": 1
              }
            ],
            "status": null,
            "subnet_ids": [
              "subnet-07c323d51fe4818eb",
              "subnet-08fe8bf0fac57d099"
            ],
            "tags": null,
            "tags_all": null,
            "taint": [],
            "timeouts": null,
            "update_config": [
              {
                "max_unavailable": 1,
                "max_unavailable_percentage": 0
              }
            ],
            "version": null
          },
          "sensitive_attributes": [],
          "private": "eyJlMmJmYjczMC1lY2FhLTExZTYtOGY4OC0zNDM2M2JjN2M0YzAiOnsiY3JlYXRlIjozNjAwMDAwMDAwMDAwLCJkZWxldGUiOjM2MDAwMDAwMDAwMDAsInVwZGF0ZSI6MzYwMDAwMDAwMDAwMH19",
          "dependencies": [
            "aws_eks_cluster.test-cluster",
            "aws_iam_role.eks_cluster_role",
            "aws_iam_role.eks_nodegroup_role"
          ]
        }
      ]
    },
    {
      "mode": "managed",
      "type": "aws_iam_role",
      "name": "eks_cluster_role",
      "provider": "provider[\"registry.terraform.io/hashicorp/aws\"]",
      "instances": [
        {
          "schema_version": 0,
          "attributes": {
            "arn": "arn:aws:iam::269589842632:role/test-cluster-role-0212-new",
            "assume_role_policy": "{\"Statement\":[{\"Action\":\"sts:AssumeRole\",\"Effect\":\"Allow\",\"Principal\":{\"Service\":[\"eks.amazonaws.com\"]}}],\"Version\":\"2012-10-17\"}",
            "create_date": "2024-02-12T10:37:55Z",
            "description": "",
            "force_detach_policies": false,
            "id": "test-cluster-role-0212-new",
            "inline_policy": [],
            "managed_policy_arns": [],
            "max_session_duration": 3600,
            "name": "test-cluster-role-0212-new",
            "name_prefix": "",
            "path": "/",
            "permissions_boundary": "",
            "tags": {},
            "tags_all": {},
            "unique_id": "AROAT5RGORLEEJS5QFYPQ"
          },
          "sensitive_attributes": [],
          "private": "bnVsbA=="
        }
      ]
    },
    {
      "mode": "managed",
      "type": "aws_iam_role",
      "name": "eks_nodegroup_role",
      "provider": "provider[\"registry.terraform.io/hashicorp/aws\"]",
      "instances": [
        {
          "schema_version": 0,
          "attributes": {
            "arn": "arn:aws:iam::269589842632:role/test-nodegroup-role-0212-new-ec2",
            "assume_role_policy": "{\"Statement\":[{\"Action\":[\"sts:AssumeRole\"],\"Effect\":\"Allow\",\"Principal\":{\"Service\":[\"ec2.amazonaws.com\"]}}],\"Version\":\"2012-10-17\"}",
            "create_date": "2024-02-12T10:55:28Z",
            "description": "",
            "force_detach_policies": false,
            "id": "test-nodegroup-role-0212-new-ec2",
            "inline_policy": [],
            "managed_policy_arns": [],
            "max_session_duration": 3600,
            "name": "test-nodegroup-role-0212-new-ec2",
            "name_prefix": "",
            "path": "/",
            "permissions_boundary": "",
            "tags": null,
            "tags_all": {},
            "unique_id": "AROAT5RGORLEFZAEOHH6A"
          },
          "sensitive_attributes": [],
          "private": "bnVsbA=="
        }
      ]
    }
  ],
  "check_results": null
}
